
Microsoft Visual Studio Solution File, Format Version 12.00
# Visual Studio Version 17
VisualStudioVersion = 17.6.33815.320
MinimumVisualStudioVersion = 10.0.40219.1
Project("{9A19103F-16F7-4668-BE54-9A1E7A4F7556}") = "KanbanAPI", "KanbanAPI\KanbanAPI.csproj", "{3FD43ECE-52CD-4E69-A7DC-257CDE60F56A}"
EndProject
Project("{9A19103F-16F7-4668-BE54-9A1E7A4F7556}") = "KanbanLib", "KanbanLib\KanbanLib.csproj", "{C0C7E818-DCFA-42DE-94D9-FBFB0234033E}"
EndProject
Project("{9A19103F-16F7-4668-BE54-9A1E7A4F7556}") = "HelloBlazor", "HelloBlazor\HelloBlazor.csproj", "{2C09A97A-B1B4-40FC-AD82-E922E1011C97}"
EndProject
Project("{9A19103F-16F7-4668-BE54-9A1E7A4F7556}") = "KanbanWASM", "KanbanWASM\KanbanWASM.csproj", "{18786CF6-ACB4-47C9-B916-E8B506BBF548}"
EndProject
Project("{778DAE3C-4631-46EA-AA77-85C1314464D9}") = "RunnerTest", "RunnerTest\RunnerTest.vbproj", "{F7FA3228-943D-428D-BDD7-22F56CBD10C0}"
EndProject
Project("{9A19103F-16F7-4668-BE54-9A1E7A4F7556}") = "KanbanLibEFC", "KanbanLibEFC\KanbanLibEFC.csproj", "{5DAC71BE-52C1-4A30-AE31-AD02F2D38AF7}"
EndProject
Project("{FAE04EC0-301F-11D3-BF4B-00C04F79EFBC}") = "KanbanApiEfc", "KanbanApiEfc\KanbanApiEfc.csproj", "{A17840EC-F84E-4C1E-8AC5-24B43E7BAF2F}"
EndProject
Global
	GlobalSection(SolutionConfigurationPlatforms) = preSolution
		Debug|Any CPU = Debug|Any CPU
		Release|Any CPU = Release|Any CPU
	EndGlobalSection
	GlobalSection(ProjectConfigurationPlatforms) = postSolution
		{3FD43ECE-52CD-4E69-A7DC-257CDE60F56A}.Debug|Any CPU.ActiveCfg = Debug|Any CPU
		{3FD43ECE-52CD-4E69-A7DC-257CDE60F56A}.Debug|Any CPU.Build.0 = Debug|Any CPU
		{3FD43ECE-52CD-4E69-A7DC-257CDE60F56A}.Release|Any CPU.ActiveCfg = Release|Any CPU
		{3FD43ECE-52CD-4E69-A7DC-257CDE60F56A}.Release|Any CPU.Build.0 = Release|Any CPU
		{C0C7E818-DCFA-42DE-94D9-FBFB0234033E}.Debug|Any CPU.ActiveCfg = Debug|Any CPU
		{C0C7E818-DCFA-42DE-94D9-FBFB0234033E}.Debug|Any CPU.Build.0 = Debug|Any CPU
		{C0C7E818-DCFA-42DE-94D9-FBFB0234033E}.Release|Any CPU.ActiveCfg = Release|Any CPU
		{C0C7E818-DCFA-42DE-94D9-FBFB0234033E}.Release|Any CPU.Build.0 = Release|Any CPU
		{2C09A97A-B1B4-40FC-AD82-E922E1011C97}.Debug|Any CPU.ActiveCfg = Debug|Any CPU
		{2C09A97A-B1B4-40FC-AD82-E922E1011C97}.Debug|Any CPU.Build.0 = Debug|Any CPU
		{2C09A97A-B1B4-40FC-AD82-E922E1011C97}.Release|Any CPU.ActiveCfg = Release|Any CPU
		{2C09A97A-B1B4-40FC-AD82-E922E1011C97}.Release|Any CPU.Build.0 = Release|Any CPU
		{18786CF6-ACB4-47C9-B916-E8B506BBF548}.Debug|Any CPU.ActiveCfg = Debug|Any CPU
		{18786CF6-ACB4-47C9-B916-E8B506BBF548}.Debug|Any CPU.Build.0 = Debug|Any CPU
		{18786CF6-ACB4-47C9-B916-E8B506BBF548}.Release|Any CPU.ActiveCfg = Release|Any CPU
		{18786CF6-ACB4-47C9-B916-E8B506BBF548}.Release|Any CPU.Build.0 = Release|Any CPU
		{F7FA3228-943D-428D-BDD7-22F56CBD10C0}.Debug|Any CPU.ActiveCfg = Debug|Any CPU
		{F7FA3228-943D-428D-BDD7-22F56CBD10C0}.Debug|Any CPU.Build.0 = Debug|Any CPU
		{F7FA3228-943D-428D-BDD7-22F56CBD10C0}.Release|Any CPU.ActiveCfg = Release|Any CPU
		{F7FA3228-943D-428D-BDD7-22F56CBD10C0}.Release|Any CPU.Build.0 = Release|Any CPU
		{5DAC71BE-52C1-4A30-AE31-AD02F2D38AF7}.Debug|Any CPU.ActiveCfg = Debug|Any CPU
		{5DAC71BE-52C1-4A30-AE31-AD02F2D38AF7}.Debug|Any CPU.Build.0 = Debug|Any CPU
		{5DAC71BE-52C1-4A30-AE31-AD02F2D38AF7}.Release|Any CPU.ActiveCfg = Release|Any CPU
		{5DAC71BE-52C1-4A30-AE31-AD02F2D38AF7}.Release|Any CPU.Build.0 = Release|Any CPU
		{A17840EC-F84E-4C1E-8AC5-24B43E7BAF2F}.Debug|Any CPU.ActiveCfg = Debug|Any CPU
		{A17840EC-F84E-4C1E-8AC5-24B43E7BAF2F}.Debug|Any CPU.Build.0 = Debug|Any CPU
		{A17840EC-F84E-4C1E-8AC5-24B43E7BAF2F}.Release|Any CPU.ActiveCfg = Release|Any CPU
		{A17840EC-F84E-4C1E-8AC5-24B43E7BAF2F}.Release|Any CPU.Build.0 = Release|Any CPU
	EndGlobalSection
	GlobalSection(SolutionProperties) = preSolution
		HideSolutionNode = FALSE
	EndGlobalSection
	GlobalSection(ExtensibilityGlobals) = postSolution
		SolutionGuid = {FD182500-CA01-42E3-9832-D10899C9AFFC}
	EndGlobalSection
EndGlobal
