
Microsoft Visual Studio Solution File, Format Version 12.00
# Visual Studio Version 17
VisualStudioVersion = 17.6.33815.320
MinimumVisualStudioVersion = 10.0.40219.1
Project("{FAE04EC0-301F-11D3-BF4B-00C04F79EFBC}") = "KanbanAPI", "KanbanAPI\KanbanAPI.csproj", "{3FD43ECE-52CD-4E69-A7DC-257CDE60F56A}"
EndProject
Global
	GlobalSection(SolutionConfigurationPlatforms) = preSolution
		Debug|Any CPU = Debug|Any CPU
		Release|Any CPU = Release|Any CPU
	EndGlobalSection
	GlobalSection(ProjectConfigurationPlatforms) = postSolution
		{3FD43ECE-52CD-4E69-A7DC-257CDE60F56A}.Debug|Any CPU.ActiveCfg = Debug|Any CPU
		{3FD43ECE-52CD-4E69-A7DC-257CDE60F56A}.Debug|Any CPU.Build.0 = Debug|Any CPU
		{3FD43ECE-52CD-4E69-A7DC-257CDE60F56A}.Release|Any CPU.ActiveCfg = Release|Any CPU
		{3FD43ECE-52CD-4E69-A7DC-257CDE60F56A}.Release|Any CPU.Build.0 = Release|Any CPU
	EndGlobalSection
	GlobalSection(SolutionProperties) = preSolution
		HideSolutionNode = FALSE
	EndGlobalSection
	GlobalSection(ExtensibilityGlobals) = postSolution
		SolutionGuid = {FD182500-CA01-42E3-9832-D10899C9AFFC}
	EndGlobalSection
EndGlobal
